// !$*UTF8*$!
{
	archiveVersion = 1;
	classes = {
	};
	objectVersion = 50;
	objects = {

/* Begin PBXBuildFile section */
		04A2DB7123EC79E0009E7CDD /* SooGreyhounds.xcdatamodeld in Sources */ = {isa = PBXBuildFile; fileRef = 04A2DB6F23EC79E0009E7CDD /* SooGreyhounds.xcdatamodeld */; };
		04A2DB7423EC7DE1009E7CDD /* Photo+CoreDataClass.swift in Sources */ = {isa = PBXBuildFile; fileRef = 04A2DB7223EC7DE1009E7CDD /* Photo+CoreDataClass.swift */; };
		04A2DB7923F5C13F009E7CDD /* Photo+CoreDataProperties.swift in Sources */ = {isa = PBXBuildFile; fileRef = 04A2DB7723F5C13F009E7CDD /* Photo+CoreDataProperties.swift */; };
		04A2DB7B23F5C1D7009E7CDD /* TagsViewController.swift in Sources */ = {isa = PBXBuildFile; fileRef = 04A2DB7A23F5C1D7009E7CDD /* TagsViewController.swift */; };
		04A2DB7D23F5C200009E7CDD /* TagDataSource.swift in Sources */ = {isa = PBXBuildFile; fileRef = 04A2DB7C23F5C200009E7CDD /* TagDataSource.swift */; };
		04D64D6923E3379900A9F756 /* PhotoDataSource.swift in Sources */ = {isa = PBXBuildFile; fileRef = 04D64D6823E3379900A9F756 /* PhotoDataSource.swift */; };
		04D64D6B23E339CA00A9F756 /* PhotoCollectionViewCell.swift in Sources */ = {isa = PBXBuildFile; fileRef = 04D64D6A23E339CA00A9F756 /* PhotoCollectionViewCell.swift */; };
		04D64D6D23E3414D00A9F756 /* ImageStore.swift in Sources */ = {isa = PBXBuildFile; fileRef = 04D64D6C23E3414D00A9F756 /* ImageStore.swift */; };
		04D64D6F23E3423D00A9F756 /* PhotoInfoViewController.swift in Sources */ = {isa = PBXBuildFile; fileRef = 04D64D6E23E3423D00A9F756 /* PhotoInfoViewController.swift */; };
		04EDF3B823DA01F40062E9E2 /* AppDelegate.swift in Sources */ = {isa = PBXBuildFile; fileRef = 04EDF3B723DA01F40062E9E2 /* AppDelegate.swift */; };
		04EDF3BD23DA01F40062E9E2 /* Main.storyboard in Resources */ = {isa = PBXBuildFile; fileRef = 04EDF3BB23DA01F40062E9E2 /* Main.storyboard */; };
		04EDF3BF23DA01F50062E9E2 /* Assets.xcassets in Resources */ = {isa = PBXBuildFile; fileRef = 04EDF3BE23DA01F50062E9E2 /* Assets.xcassets */; };
		04EDF3C223DA01F50062E9E2 /* LaunchScreen.storyboard in Resources */ = {isa = PBXBuildFile; fileRef = 04EDF3C023DA01F50062E9E2 /* LaunchScreen.storyboard */; };
		04EDF3CD23DA01F50062E9E2 /* SooGreyhoundsMobileTests.swift in Sources */ = {isa = PBXBuildFile; fileRef = 04EDF3CC23DA01F50062E9E2 /* SooGreyhoundsMobileTests.swift */; };
		04EDF3D823DA01F50062E9E2 /* SooGreyhoundsMobileUITests.swift in Sources */ = {isa = PBXBuildFile; fileRef = 04EDF3D723DA01F50062E9E2 /* SooGreyhoundsMobileUITests.swift */; };
		04EDF3E623DA03B40062E9E2 /* PhotosViewController.swift in Sources */ = {isa = PBXBuildFile; fileRef = 04EDF3E523DA03B40062E9E2 /* PhotosViewController.swift */; };
		04EDF3E823DA06B10062E9E2 /* SooGreyhoundsAPI.swift in Sources */ = {isa = PBXBuildFile; fileRef = 04EDF3E723DA06B10062E9E2 /* SooGreyhoundsAPI.swift */; };
		04EDF3EA23DA086E0062E9E2 /* PhotoStore.swift in Sources */ = {isa = PBXBuildFile; fileRef = 04EDF3E923DA086E0062E9E2 /* PhotoStore.swift */; };
/* End PBXBuildFile section */

/* Begin PBXContainerItemProxy section */
		04EDF3C923DA01F50062E9E2 /* PBXContainerItemProxy */ = {
			isa = PBXContainerItemProxy;
			containerPortal = 04EDF3AC23DA01F40062E9E2 /* Project object */;
			proxyType = 1;
			remoteGlobalIDString = 04EDF3B323DA01F40062E9E2;
			remoteInfo = SooGreyhoundsMobile;
		};
		04EDF3D423DA01F50062E9E2 /* PBXContainerItemProxy */ = {
			isa = PBXContainerItemProxy;
			containerPortal = 04EDF3AC23DA01F40062E9E2 /* Project object */;
			proxyType = 1;
			remoteGlobalIDString = 04EDF3B323DA01F40062E9E2;
			remoteInfo = SooGreyhoundsMobile;
		};
/* End PBXContainerItemProxy section */

/* Begin PBXFileReference section */
		04A2DB7023EC79E0009E7CDD /* SooGreyhounds.xcdatamodel */ = {isa = PBXFileReference; lastKnownFileType = wrapper.xcdatamodel; path = SooGreyhounds.xcdatamodel; sourceTree = "<group>"; };
		04A2DB7223EC7DE1009E7CDD /* Photo+CoreDataClass.swift */ = {isa = PBXFileReference; lastKnownFileType = sourcecode.swift; path = "Photo+CoreDataClass.swift"; sourceTree = "<group>"; };
		04A2DB7723F5C13F009E7CDD /* Photo+CoreDataProperties.swift */ = {isa = PBXFileReference; lastKnownFileType = sourcecode.swift; path = "Photo+CoreDataProperties.swift"; sourceTree = "<group>"; };
		04A2DB7A23F5C1D7009E7CDD /* TagsViewController.swift */ = {isa = PBXFileReference; lastKnownFileType = sourcecode.swift; path = TagsViewController.swift; sourceTree = "<group>"; };
		04A2DB7C23F5C200009E7CDD /* TagDataSource.swift */ = {isa = PBXFileReference; lastKnownFileType = sourcecode.swift; path = TagDataSource.swift; sourceTree = "<group>"; };
		04D64D6823E3379900A9F756 /* PhotoDataSource.swift */ = {isa = PBXFileReference; lastKnownFileType = sourcecode.swift; path = PhotoDataSource.swift; sourceTree = "<group>"; };
		04D64D6A23E339CA00A9F756 /* PhotoCollectionViewCell.swift */ = {isa = PBXFileReference; lastKnownFileType = sourcecode.swift; path = PhotoCollectionViewCell.swift; sourceTree = "<group>"; };
		04D64D6C23E3414D00A9F756 /* ImageStore.swift */ = {isa = PBXFileReference; lastKnownFileType = sourcecode.swift; path = ImageStore.swift; sourceTree = "<group>"; };
		04D64D6E23E3423D00A9F756 /* PhotoInfoViewController.swift */ = {isa = PBXFileReference; lastKnownFileType = sourcecode.swift; path = PhotoInfoViewController.swift; sourceTree = "<group>"; };
		04EDF3B423DA01F40062E9E2 /* SooGreyhoundsMobile.app */ = {isa = PBXFileReference; explicitFileType = wrapper.application; includeInIndex = 0; path = SooGreyhoundsMobile.app; sourceTree = BUILT_PRODUCTS_DIR; };
		04EDF3B723DA01F40062E9E2 /* AppDelegate.swift */ = {isa = PBXFileReference; lastKnownFileType = sourcecode.swift; path = AppDelegate.swift; sourceTree = "<group>"; };
		04EDF3BC23DA01F40062E9E2 /* Base */ = {isa = PBXFileReference; lastKnownFileType = file.storyboard; name = Base; path = Base.lproj/Main.storyboard; sourceTree = "<group>"; };
		04EDF3BE23DA01F50062E9E2 /* Assets.xcassets */ = {isa = PBXFileReference; lastKnownFileType = folder.assetcatalog; path = Assets.xcassets; sourceTree = "<group>"; };
		04EDF3C123DA01F50062E9E2 /* Base */ = {isa = PBXFileReference; lastKnownFileType = file.storyboard; name = Base; path = Base.lproj/LaunchScreen.storyboard; sourceTree = "<group>"; };
		04EDF3C323DA01F50062E9E2 /* Info.plist */ = {isa = PBXFileReference; lastKnownFileType = text.plist.xml; path = Info.plist; sourceTree = "<group>"; };
		04EDF3C823DA01F50062E9E2 /* SooGreyhoundsMobileTests.xctest */ = {isa = PBXFileReference; explicitFileType = wrapper.cfbundle; includeInIndex = 0; path = SooGreyhoundsMobileTests.xctest; sourceTree = BUILT_PRODUCTS_DIR; };
		04EDF3CC23DA01F50062E9E2 /* SooGreyhoundsMobileTests.swift */ = {isa = PBXFileReference; lastKnownFileType = sourcecode.swift; path = SooGreyhoundsMobileTests.swift; sourceTree = "<group>"; };
		04EDF3CE23DA01F50062E9E2 /* Info.plist */ = {isa = PBXFileReference; lastKnownFileType = text.plist.xml; path = Info.plist; sourceTree = "<group>"; };
		04EDF3D323DA01F50062E9E2 /* SooGreyhoundsMobileUITests.xctest */ = {isa = PBXFileReference; explicitFileType = wrapper.cfbundle; includeInIndex = 0; path = SooGreyhoundsMobileUITests.xctest; sourceTree = BUILT_PRODUCTS_DIR; };
		04EDF3D723DA01F50062E9E2 /* SooGreyhoundsMobileUITests.swift */ = {isa = PBXFileReference; lastKnownFileType = sourcecode.swift; path = SooGreyhoundsMobileUITests.swift; sourceTree = "<group>"; };
		04EDF3D923DA01F50062E9E2 /* Info.plist */ = {isa = PBXFileReference; lastKnownFileType = text.plist.xml; path = Info.plist; sourceTree = "<group>"; };
		04EDF3E523DA03B40062E9E2 /* PhotosViewController.swift */ = {isa = PBXFileReference; lastKnownFileType = sourcecode.swift; path = PhotosViewController.swift; sourceTree = "<group>"; };
		04EDF3E723DA06B10062E9E2 /* SooGreyhoundsAPI.swift */ = {isa = PBXFileReference; lastKnownFileType = sourcecode.swift; path = SooGreyhoundsAPI.swift; sourceTree = "<group>"; };
		04EDF3E923DA086E0062E9E2 /* PhotoStore.swift */ = {isa = PBXFileReference; lastKnownFileType = sourcecode.swift; path = PhotoStore.swift; sourceTree = "<group>"; };
/* End PBXFileReference section */

/* Begin PBXFrameworksBuildPhase section */
		04EDF3B123DA01F40062E9E2 /* Frameworks */ = {
			isa = PBXFrameworksBuildPhase;
			buildActionMask = 2147483647;
			files = (
			);
			runOnlyForDeploymentPostprocessing = 0;
		};
		04EDF3C523DA01F50062E9E2 /* Frameworks */ = {
			isa = PBXFrameworksBuildPhase;
			buildActionMask = 2147483647;
			files = (
			);
			runOnlyForDeploymentPostprocessing = 0;
		};
		04EDF3D023DA01F50062E9E2 /* Frameworks */ = {
			isa = PBXFrameworksBuildPhase;
			buildActionMask = 2147483647;
			files = (
			);
			runOnlyForDeploymentPostprocessing = 0;
		};
/* End PBXFrameworksBuildPhase section */

/* Begin PBXGroup section */
		04EDF3AB23DA01F40062E9E2 = {
			isa = PBXGroup;
			children = (
				04EDF3B623DA01F40062E9E2 /* SooGreyhoundsMobile */,
				04EDF3CB23DA01F50062E9E2 /* SooGreyhoundsMobileTests */,
				04EDF3D623DA01F50062E9E2 /* SooGreyhoundsMobileUITests */,
				04EDF3B523DA01F40062E9E2 /* Products */,
			);
			sourceTree = "<group>";
		};
		04EDF3B523DA01F40062E9E2 /* Products */ = {
			isa = PBXGroup;
			children = (
				04EDF3B423DA01F40062E9E2 /* SooGreyhoundsMobile.app */,
				04EDF3C823DA01F50062E9E2 /* SooGreyhoundsMobileTests.xctest */,
				04EDF3D323DA01F50062E9E2 /* SooGreyhoundsMobileUITests.xctest */,
			);
			name = Products;
			sourceTree = "<group>";
		};
		04EDF3B623DA01F40062E9E2 /* SooGreyhoundsMobile */ = {
			isa = PBXGroup;
			children = (
				04A2DB7723F5C13F009E7CDD /* Photo+CoreDataProperties.swift */,
				04A2DB7223EC7DE1009E7CDD /* Photo+CoreDataClass.swift */,
				04EDF3E523DA03B40062E9E2 /* PhotosViewController.swift */,
				04D64D6C23E3414D00A9F756 /* ImageStore.swift */,
				04EDF3B723DA01F40062E9E2 /* AppDelegate.swift */,
				04EDF3BB23DA01F40062E9E2 /* Main.storyboard */,
				04D64D6A23E339CA00A9F756 /* PhotoCollectionViewCell.swift */,
				04D64D6823E3379900A9F756 /* PhotoDataSource.swift */,
				04EDF3E723DA06B10062E9E2 /* SooGreyhoundsAPI.swift */,
				04EDF3E923DA086E0062E9E2 /* PhotoStore.swift */,
				04D64D6E23E3423D00A9F756 /* PhotoInfoViewController.swift */,
				04EDF3BE23DA01F50062E9E2 /* Assets.xcassets */,
				04EDF3C023DA01F50062E9E2 /* LaunchScreen.storyboard */,
				04EDF3C323DA01F50062E9E2 /* Info.plist */,
				04A2DB6F23EC79E0009E7CDD /* SooGreyhounds.xcdatamodeld */,
				04A2DB7A23F5C1D7009E7CDD /* TagsViewController.swift */,
				04A2DB7C23F5C200009E7CDD /* TagDataSource.swift */,
			);
			path = SooGreyhoundsMobile;
			sourceTree = "<group>";
		};
		04EDF3CB23DA01F50062E9E2 /* SooGreyhoundsMobileTests */ = {
			isa = PBXGroup;
			children = (
				04EDF3CC23DA01F50062E9E2 /* SooGreyhoundsMobileTests.swift */,
				04EDF3CE23DA01F50062E9E2 /* Info.plist */,
			);
			path = SooGreyhoundsMobileTests;
			sourceTree = "<group>";
		};
		04EDF3D623DA01F50062E9E2 /* SooGreyhoundsMobileUITests */ = {
			isa = PBXGroup;
			children = (
				04EDF3D723DA01F50062E9E2 /* SooGreyhoundsMobileUITests.swift */,
				04EDF3D923DA01F50062E9E2 /* Info.plist */,
			);
			path = SooGreyhoundsMobileUITests;
			sourceTree = "<group>";
		};
/* End PBXGroup section */

/* Begin PBXNativeTarget section */
		04EDF3B323DA01F40062E9E2 /* SooGreyhoundsMobile */ = {
			isa = PBXNativeTarget;
			buildConfigurationList = 04EDF3DC23DA01F50062E9E2 /* Build configuration list for PBXNativeTarget "SooGreyhoundsMobile" */;
			buildPhases = (
				04EDF3B023DA01F40062E9E2 /* Sources */,
				04EDF3B123DA01F40062E9E2 /* Frameworks */,
				04EDF3B223DA01F40062E9E2 /* Resources */,
			);
			buildRules = (
			);
			dependencies = (
			);
			name = SooGreyhoundsMobile;
			productName = SooGreyhoundsMobile;
			productReference = 04EDF3B423DA01F40062E9E2 /* SooGreyhoundsMobile.app */;
			productType = "com.apple.product-type.application";
		};
		04EDF3C723DA01F50062E9E2 /* SooGreyhoundsMobileTests */ = {
			isa = PBXNativeTarget;
			buildConfigurationList = 04EDF3DF23DA01F50062E9E2 /* Build configuration list for PBXNativeTarget "SooGreyhoundsMobileTests" */;
			buildPhases = (
				04EDF3C423DA01F50062E9E2 /* Sources */,
				04EDF3C523DA01F50062E9E2 /* Frameworks */,
				04EDF3C623DA01F50062E9E2 /* Resources */,
			);
			buildRules = (
			);
			dependencies = (
				04EDF3CA23DA01F50062E9E2 /* PBXTargetDependency */,
			);
			name = SooGreyhoundsMobileTests;
			productName = SooGreyhoundsMobileTests;
			productReference = 04EDF3C823DA01F50062E9E2 /* SooGreyhoundsMobileTests.xctest */;
			productType = "com.apple.product-type.bundle.unit-test";
		};
		04EDF3D223DA01F50062E9E2 /* SooGreyhoundsMobileUITests */ = {
			isa = PBXNativeTarget;
			buildConfigurationList = 04EDF3E223DA01F50062E9E2 /* Build configuration list for PBXNativeTarget "SooGreyhoundsMobileUITests" */;
			buildPhases = (
				04EDF3CF23DA01F50062E9E2 /* Sources */,
				04EDF3D023DA01F50062E9E2 /* Frameworks */,
				04EDF3D123DA01F50062E9E2 /* Resources */,
			);
			buildRules = (
			);
			dependencies = (
				04EDF3D523DA01F50062E9E2 /* PBXTargetDependency */,
			);
			name = SooGreyhoundsMobileUITests;
			productName = SooGreyhoundsMobileUITests;
			productReference = 04EDF3D323DA01F50062E9E2 /* SooGreyhoundsMobileUITests.xctest */;
			productType = "com.apple.product-type.bundle.ui-testing";
		};
/* End PBXNativeTarget section */

/* Begin PBXProject section */
		04EDF3AC23DA01F40062E9E2 /* Project object */ = {
			isa = PBXProject;
			attributes = {
				LastSwiftUpdateCheck = 0940;
				LastUpgradeCheck = 0940;
				ORGANIZATIONNAME = "Amrit Kaur";
				TargetAttributes = {
					04EDF3B323DA01F40062E9E2 = {
						CreatedOnToolsVersion = 9.4.1;
					};
					04EDF3C723DA01F50062E9E2 = {
						CreatedOnToolsVersion = 9.4.1;
						TestTargetID = 04EDF3B323DA01F40062E9E2;
					};
					04EDF3D223DA01F50062E9E2 = {
						CreatedOnToolsVersion = 9.4.1;
						TestTargetID = 04EDF3B323DA01F40062E9E2;
					};
				};
			};
			buildConfigurationList = 04EDF3AF23DA01F40062E9E2 /* Build configuration list for PBXProject "SooGreyhoundsMobile" */;
			compatibilityVersion = "Xcode 9.3";
			developmentRegion = en;
			hasScannedForEncodings = 0;
			knownRegions = (
				en,
				Base,
			);
			mainGroup = 04EDF3AB23DA01F40062E9E2;
			productRefGroup = 04EDF3B523DA01F40062E9E2 /* Products */;
			projectDirPath = "";
			projectRoot = "";
			targets = (
				04EDF3B323DA01F40062E9E2 /* SooGreyhoundsMobile */,
				04EDF3C723DA01F50062E9E2 /* SooGreyhoundsMobileTests */,
				04EDF3D223DA01F50062E9E2 /* SooGreyhoundsMobileUITests */,
			);
		};
/* End PBXProject section */

/* Begin PBXResourcesBuildPhase section */
		04EDF3B223DA01F40062E9E2 /* Resources */ = {
			isa = PBXResourcesBuildPhase;
			buildActionMask = 2147483647;
			files = (
				04EDF3C223DA01F50062E9E2 /* LaunchScreen.storyboard in Resources */,
				04EDF3BF23DA01F50062E9E2 /* Assets.xcassets in Resources */,
				04EDF3BD23DA01F40062E9E2 /* Main.storyboard in Resources */,
			);
			runOnlyForDeploymentPostprocessing = 0;
		};
		04EDF3C623DA01F50062E9E2 /* Resources */ = {
			isa = PBXResourcesBuildPhase;
			buildActionMask = 2147483647;
			files = (
			);
			runOnlyForDeploymentPostprocessing = 0;
		};
		04EDF3D123DA01F50062E9E2 /* Resources */ = {
			isa = PBXResourcesBuildPhase;
			buildActionMask = 2147483647;
			files = (
			);
			runOnlyForDeploymentPostprocessing = 0;
		};
/* End PBXResourcesBuildPhase section */

/* Begin PBXSourcesBuildPhase section */
		04EDF3B023DA01F40062E9E2 /* Sources */ = {
			isa = PBXSourcesBuildPhase;
			buildActionMask = 2147483647;
			files = (
				04A2DB7423EC7DE1009E7CDD /* Photo+CoreDataClass.swift in Sources */,
				04A2DB7D23F5C200009E7CDD /* TagDataSource.swift in Sources */,
				04EDF3E823DA06B10062E9E2 /* SooGreyhoundsAPI.swift in Sources */,
				04EDF3E623DA03B40062E9E2 /* PhotosViewController.swift in Sources */,
				04EDF3EA23DA086E0062E9E2 /* PhotoStore.swift in Sources */,
				04D64D6D23E3414D00A9F756 /* ImageStore.swift in Sources */,
				04A2DB7B23F5C1D7009E7CDD /* TagsViewController.swift in Sources */,
				04A2DB7923F5C13F009E7CDD /* Photo+CoreDataProperties.swift in Sources */,
				04D64D6923E3379900A9F756 /* PhotoDataSource.swift in Sources */,
				04A2DB7123EC79E0009E7CDD /* SooGreyhounds.xcdatamodeld in Sources */,
				04D64D6B23E339CA00A9F756 /* PhotoCollectionViewCell.swift in Sources */,
				04EDF3B823DA01F40062E9E2 /* AppDelegate.swift in Sources */,
				04D64D6F23E3423D00A9F756 /* PhotoInfoViewController.swift in Sources */,
			);
			runOnlyForDeploymentPostprocessing = 0;
		};
		04EDF3C423DA01F50062E9E2 /* Sources */ = {
			isa = PBXSourcesBuildPhase;
			buildActionMask = 2147483647;
			files = (
				04EDF3CD23DA01F50062E9E2 /* SooGreyhoundsMobileTests.swift in Sources */,
			);
			runOnlyForDeploymentPostprocessing = 0;
		};
		04EDF3CF23DA01F50062E9E2 /* Sources */ = {
			isa = PBXSourcesBuildPhase;
			buildActionMask = 2147483647;
			files = (
				04EDF3D823DA01F50062E9E2 /* SooGreyhoundsMobileUITests.swift in Sources */,
			);
			runOnlyForDeploymentPostprocessing = 0;
		};
/* End PBXSourcesBuildPhase section */

/* Begin PBXTargetDependency section */
		04EDF3CA23DA01F50062E9E2 /* PBXTargetDependency */ = {
			isa = PBXTargetDependency;
			target = 04EDF3B323DA01F40062E9E2 /* SooGreyhoundsMobile */;
			targetProxy = 04EDF3C923DA01F50062E9E2 /* PBXContainerItemProxy */;
		};
		04EDF3D523DA01F50062E9E2 /* PBXTargetDependency */ = {
			isa = PBXTargetDependency;
			target = 04EDF3B323DA01F40062E9E2 /* SooGreyhoundsMobile */;
			targetProxy = 04EDF3D423DA01F50062E9E2 /* PBXContainerItemProxy */;
		};
/* End PBXTargetDependency section */

/* Begin PBXVariantGroup section */
		04EDF3BB23DA01F40062E9E2 /* Main.storyboard */ = {
			isa = PBXVariantGroup;
			children = (
				04EDF3BC23DA01F40062E9E2 /* Base */,
			);
			name = Main.storyboard;
			sourceTree = "<group>";
		};
		04EDF3C023DA01F50062E9E2 /* LaunchScreen.storyboard */ = {
			isa = PBXVariantGroup;
			children = (
				04EDF3C123DA01F50062E9E2 /* Base */,
			);
			name = LaunchScreen.storyboard;
			sourceTree = "<group>";
		};
/* End PBXVariantGroup section */

/* Begin XCBuildConfiguration section */
		04EDF3DA23DA01F50062E9E2 /* Debug */ = {
			isa = XCBuildConfiguration;
			buildSettings = {
				ALWAYS_SEARCH_USER_PATHS = NO;
				CLANG_ANALYZER_NONNULL = YES;
				CLANG_ANALYZER_NUMBER_OBJECT_CONVERSION = YES_AGGRESSIVE;
				CLANG_CXX_LANGUAGE_STANDARD = "gnu++14";
				CLANG_CXX_LIBRARY = "libc++";
				CLANG_ENABLE_MODULES = YES;
				CLANG_ENABLE_OBJC_ARC = YES;
				CLANG_ENABLE_OBJC_WEAK = YES;
				CLANG_WARN_BLOCK_CAPTURE_AUTORELEASING = YES;
				CLANG_WARN_BOOL_CONVERSION = YES;
				CLANG_WARN_COMMA = YES;
				CLANG_WARN_CONSTANT_CONVERSION = YES;
				CLANG_WARN_DEPRECATED_OBJC_IMPLEMENTATIONS = YES;
				CLANG_WARN_DIRECT_OBJC_ISA_USAGE = YES_ERROR;
				CLANG_WARN_DOCUMENTATION_COMMENTS = YES;
				CLANG_WARN_EMPTY_BODY = YES;
				CLANG_WARN_ENUM_CONVERSION = YES;
				CLANG_WARN_INFINITE_RECURSION = YES;
				CLANG_WARN_INT_CONVERSION = YES;
				CLANG_WARN_NON_LITERAL_NULL_CONVERSION = YES;
				CLANG_WARN_OBJC_IMPLICIT_RETAIN_SELF = YES;
				CLANG_WARN_OBJC_LITERAL_CONVERSION = YES;
				CLANG_WARN_OBJC_ROOT_CLASS = YES_ERROR;
				CLANG_WARN_RANGE_LOOP_ANALYSIS = YES;
				CLANG_WARN_STRICT_PROTOTYPES = YES;
				CLANG_WARN_SUSPICIOUS_MOVE = YES;
				CLANG_WARN_UNGUARDED_AVAILABILITY = YES_AGGRESSIVE;
				CLANG_WARN_UNREACHABLE_CODE = YES;
				CLANG_WARN__DUPLICATE_METHOD_MATCH = YES;
				CODE_SIGN_IDENTITY = "iPhone Developer";
				COPY_PHASE_STRIP = NO;
				DEBUG_INFORMATION_FORMAT = dwarf;
				ENABLE_STRICT_OBJC_MSGSEND = YES;
				ENABLE_TESTABILITY = YES;
				GCC_C_LANGUAGE_STANDARD = gnu11;
				GCC_DYNAMIC_NO_PIC = NO;
				GCC_NO_COMMON_BLOCKS = YES;
				GCC_OPTIMIZATION_LEVEL = 0;
				GCC_PREPROCESSOR_DEFINITIONS = (
					"DEBUG=1",
					"$(inherited)",
				);
				GCC_WARN_64_TO_32_BIT_CONVERSION = YES;
				GCC_WARN_ABOUT_RETURN_TYPE = YES_ERROR;
				GCC_WARN_UNDECLARED_SELECTOR = YES;
				GCC_WARN_UNINITIALIZED_AUTOS = YES_AGGRESSIVE;
				GCC_WARN_UNUSED_FUNCTION = YES;
				GCC_WARN_UNUSED_VARIABLE = YES;
				IPHONEOS_DEPLOYMENT_TARGET = 11.4;
				MTL_ENABLE_DEBUG_INFO = YES;
				ONLY_ACTIVE_ARCH = YES;
				SDKROOT = iphoneos;
				SWIFT_ACTIVE_COMPILATION_CONDITIONS = DEBUG;
				SWIFT_OPTIMIZATION_LEVEL = "-Onone";
			};
			name = Debug;
		};
		04EDF3DB23DA01F50062E9E2 /* Release */ = {
			isa = XCBuildConfiguration;
			buildSettings = {
				ALWAYS_SEARCH_USER_PATHS = NO;
				CLANG_ANALYZER_NONNULL = YES;
				CLANG_ANALYZER_NUMBER_OBJECT_CONVERSION = YES_AGGRESSIVE;
				CLANG_CXX_LANGUAGE_STANDARD = "gnu++14";
				CLANG_CXX_LIBRARY = "libc++";
				CLANG_ENABLE_MODULES = YES;
				CLANG_ENABLE_OBJC_ARC = YES;
				CLANG_ENABLE_OBJC_WEAK = YES;
				CLANG_WARN_BLOCK_CAPTURE_AUTORELEASING = YES;
				CLANG_WARN_BOOL_CONVERSION = YES;
				CLANG_WARN_COMMA = YES;
				CLANG_WARN_CONSTANT_CONVERSION = YES;
				CLANG_WARN_DEPRECATED_OBJC_IMPLEMENTATIONS = YES;
				CLANG_WARN_DIRECT_OBJC_ISA_USAGE = YES_ERROR;
				CLANG_WARN_DOCUMENTATION_COMMENTS = YES;
				CLANG_WARN_EMPTY_BODY = YES;
				CLANG_WARN_ENUM_CONVERSION = YES;
				CLANG_WARN_INFINITE_RECURSION = YES;
				CLANG_WARN_INT_CONVERSION = YES;
				CLANG_WARN_NON_LITERAL_NULL_CONVERSION = YES;
				CLANG_WARN_OBJC_IMPLICIT_RETAIN_SELF = YES;
				CLANG_WARN_OBJC_LITERAL_CONVERSION = YES;
				CLANG_WARN_OBJC_ROOT_CLASS = YES_ERROR;
				CLANG_WARN_RANGE_LOOP_ANALYSIS = YES;
				CLANG_WARN_STRICT_PROTOTYPES = YES;
				CLANG_WARN_SUSPICIOUS_MOVE = YES;
				CLANG_WARN_UNGUARDED_AVAILABILITY = YES_AGGRESSIVE;
				CLANG_WARN_UNREACHABLE_CODE = YES;
				CLANG_WARN__DUPLICATE_METHOD_MATCH = YES;
				CODE_SIGN_IDENTITY = "iPhone Developer";
				COPY_PHASE_STRIP = NO;
				DEBUG_INFORMATION_FORMAT = "dwarf-with-dsym";
				ENABLE_NS_ASSERTIONS = NO;
				ENABLE_STRICT_OBJC_MSGSEND = YES;
				GCC_C_LANGUAGE_STANDARD = gnu11;
				GCC_NO_COMMON_BLOCKS = YES;
				GCC_WARN_64_TO_32_BIT_CONVERSION = YES;
				GCC_WARN_ABOUT_RETURN_TYPE = YES_ERROR;
				GCC_WARN_UNDECLARED_SELECTOR = YES;
				GCC_WARN_UNINITIALIZED_AUTOS = YES_AGGRESSIVE;
				GCC_WARN_UNUSED_FUNCTION = YES;
				GCC_WARN_UNUSED_VARIABLE = YES;
				IPHONEOS_DEPLOYMENT_TARGET = 11.4;
				MTL_ENABLE_DEBUG_INFO = NO;
				SDKROOT = iphoneos;
				SWIFT_COMPILATION_MODE = wholemodule;
				SWIFT_OPTIMIZATION_LEVEL = "-O";
				VALIDATE_PRODUCT = YES;
			};
			name = Release;
		};
		04EDF3DD23DA01F50062E9E2 /* Debug */ = {
			isa = XCBuildConfiguration;
			buildSettings = {
				ASSETCATALOG_COMPILER_APPICON_NAME = AppIcon;
				CODE_SIGN_STYLE = Automatic;
				INFOPLIST_FILE = SooGreyhoundsMobile/Info.plist;
				LD_RUNPATH_SEARCH_PATHS = (
					"$(inherited)",
					"@executable_path/Frameworks",
				);
				PRODUCT_BUNDLE_IDENTIFIER = com.soogreyhounds.SooGreyhoundsMobile;
				PRODUCT_NAME = "$(TARGET_NAME)";
				SWIFT_VERSION = 4.0;
				TARGETED_DEVICE_FAMILY = "1,2";
			};
			name = Debug;
		};
		04EDF3DE23DA01F50062E9E2 /* Release */ = {
			isa = XCBuildConfiguration;
			buildSettings = {
				ASSETCATALOG_COMPILER_APPICON_NAME = AppIcon;
				CODE_SIGN_STYLE = Automatic;
				INFOPLIST_FILE = SooGreyhoundsMobile/Info.plist;
				LD_RUNPATH_SEARCH_PATHS = (
					"$(inherited)",
					"@executable_path/Frameworks",
				);
				PRODUCT_BUNDLE_IDENTIFIER = com.soogreyhounds.SooGreyhoundsMobile;
				PRODUCT_NAME = "$(TARGET_NAME)";
				SWIFT_VERSION = 4.0;
				TARGETED_DEVICE_FAMILY = "1,2";
			};
			name = Release;
		};
		04EDF3E023DA01F50062E9E2 /* Debug */ = {
			isa = XCBuildConfiguration;
			buildSettings = {
				ALWAYS_EMBED_SWIFT_STANDARD_LIBRARIES = YES;
				BUNDLE_LOADER = "$(TEST_HOST)";
				CODE_SIGN_STYLE = Automatic;
				INFOPLIST_FILE = SooGreyhoundsMobileTests/Info.plist;
				LD_RUNPATH_SEARCH_PATHS = (
					"$(inherited)",
					"@executable_path/Frameworks",
					"@loader_path/Frameworks",
				);
				PRODUCT_BUNDLE_IDENTIFIER = com.soogreyhounds.SooGreyhoundsMobileTests;
				PRODUCT_NAME = "$(TARGET_NAME)";
				SWIFT_VERSION = 4.0;
				TARGETED_DEVICE_FAMILY = "1,2";
				TEST_HOST = "$(BUILT_PRODUCTS_DIR)/SooGreyhoundsMobile.app/SooGreyhoundsMobile";
			};
			name = Debug;
		};
		04EDF3E123DA01F50062E9E2 /* Release */ = {
			isa = XCBuildConfiguration;
			buildSettings = {
				ALWAYS_EMBED_SWIFT_STANDARD_LIBRARIES = YES;
				BUNDLE_LOADER = "$(TEST_HOST)";
				CODE_SIGN_STYLE = Automatic;
				INFOPLIST_FILE = SooGreyhoundsMobileTests/Info.plist;
				LD_RUNPATH_SEARCH_PATHS = (
					"$(inherited)",
					"@executable_path/Frameworks",
					"@loader_path/Frameworks",
				);
				PRODUCT_BUNDLE_IDENTIFIER = com.soogreyhounds.SooGreyhoundsMobileTests;
				PRODUCT_NAME = "$(TARGET_NAME)";
				SWIFT_VERSION = 4.0;
				TARGETED_DEVICE_FAMILY = "1,2";
				TEST_HOST = "$(BUILT_PRODUCTS_DIR)/SooGreyhoundsMobile.app/SooGreyhoundsMobile";
			};
			name = Release;
		};
		04EDF3E323DA01F50062E9E2 /* Debug */ = {
			isa = XCBuildConfiguration;
			buildSettings = {
				ALWAYS_EMBED_SWIFT_STANDARD_LIBRARIES = YES;
				CODE_SIGN_STYLE = Automatic;
				INFOPLIST_FILE = SooGreyhoundsMobileUITests/Info.plist;
				LD_RUNPATH_SEARCH_PATHS = (
					"$(inherited)",
					"@executable_path/Frameworks",
					"@loader_path/Frameworks",
				);
				PRODUCT_BUNDLE_IDENTIFIER = com.soogreyhounds.SooGreyhoundsMobileUITests;
				PRODUCT_NAME = "$(TARGET_NAME)";
				SWIFT_VERSION = 4.0;
				TARGETED_DEVICE_FAMILY = "1,2";
				TEST_TARGET_NAME = SooGreyhoundsMobile;
			};
			name = Debug;
		};
		04EDF3E423DA01F50062E9E2 /* Release */ = {
			isa = XCBuildConfiguration;
			buildSettings = {
				ALWAYS_EMBED_SWIFT_STANDARD_LIBRARIES = YES;
				CODE_SIGN_STYLE = Automatic;
				INFOPLIST_FILE = SooGreyhoundsMobileUITests/Info.plist;
				LD_RUNPATH_SEARCH_PATHS = (
					"$(inherited)",
					"@executable_path/Frameworks",
					"@loader_path/Frameworks",
				);
				PRODUCT_BUNDLE_IDENTIFIER = com.soogreyhounds.SooGreyhoundsMobileUITests;
				PRODUCT_NAME = "$(TARGET_NAME)";
				SWIFT_VERSION = 4.0;
				TARGETED_DEVICE_FAMILY = "1,2";
				TEST_TARGET_NAME = SooGreyhoundsMobile;
			};
			name = Release;
		};
/* End XCBuildConfiguration section */

/* Begin XCConfigurationList section */
		04EDF3AF23DA01F40062E9E2 /* Build configuration list for PBXProject "SooGreyhoundsMobile" */ = {
			isa = XCConfigurationList;
			buildConfigurations = (
				04EDF3DA23DA01F50062E9E2 /* Debug */,
				04EDF3DB23DA01F50062E9E2 /* Release */,
			);
			defaultConfigurationIsVisible = 0;
			defaultConfigurationName = Release;
		};
		04EDF3DC23DA01F50062E9E2 /* Build configuration list for PBXNativeTarget "SooGreyhoundsMobile" */ = {
			isa = XCConfigurationList;
			buildConfigurations = (
				04EDF3DD23DA01F50062E9E2 /* Debug */,
				04EDF3DE23DA01F50062E9E2 /* Release */,
			);
			defaultConfigurationIsVisible = 0;
			defaultConfigurationName = Release;
		};
		04EDF3DF23DA01F50062E9E2 /* Build configuration list for PBXNativeTarget "SooGreyhoundsMobileTests" */ = {
			isa = XCConfigurationList;
			buildConfigurations = (
				04EDF3E023DA01F50062E9E2 /* Debug */,
				04EDF3E123DA01F50062E9E2 /* Release */,
			);
			defaultConfigurationIsVisible = 0;
			defaultConfigurationName = Release;
		};
		04EDF3E223DA01F50062E9E2 /* Build configuration list for PBXNativeTarget "SooGreyhoundsMobileUITests" */ = {
			isa = XCConfigurationList;
			buildConfigurations = (
				04EDF3E323DA01F50062E9E2 /* Debug */,
				04EDF3E423DA01F50062E9E2 /* Release */,
			);
			defaultConfigurationIsVisible = 0;
			defaultConfigurationName = Release;
		};
/* End XCConfigurationList section */

/* Begin XCVersionGroup section */
		04A2DB6F23EC79E0009E7CDD /* SooGreyhounds.xcdatamodeld */ = {
			isa = XCVersionGroup;
			children = (
				04A2DB7023EC79E0009E7CDD /* SooGreyhounds.xcdatamodel */,
			);
			currentVersion = 04A2DB7023EC79E0009E7CDD /* SooGreyhounds.xcdatamodel */;
			path = SooGreyhounds.xcdatamodeld;
			sourceTree = "<group>";
			versionGroupType = wrapper.xcdatamodel;
		};
/* End XCVersionGroup section */
	};
	rootObject = 04EDF3AC23DA01F40062E9E2 /* Project object */;
}
